
Microsoft Visual Studio Solution File, Format Version 12.00
# Visual Studio Version 17
VisualStudioVersion = 17.5.33530.505
MinimumVisualStudioVersion = 10.0.40219.1
Project("{FAE04EC0-301F-11D3-BF4B-00C04F79EFBC}") = "ADO_KeepNote", "ADO_KeepNote.csproj", "{395020C0-BE95-4A33-B542-345339B34B72}"
EndProject
Global
	GlobalSection(SolutionConfigurationPlatforms) = preSolution
		Debug|Any CPU = Debug|Any CPU
		Release|Any CPU = Release|Any CPU
	EndGlobalSection
	GlobalSection(ProjectConfigurationPlatforms) = postSolution
		{395020C0-BE95-4A33-B542-345339B34B72}.Debug|Any CPU.ActiveCfg = Debug|Any CPU
		{395020C0-BE95-4A33-B542-345339B34B72}.Debug|Any CPU.Build.0 = Debug|Any CPU
		{395020C0-BE95-4A33-B542-345339B34B72}.Release|Any CPU.ActiveCfg = Release|Any CPU
		{395020C0-BE95-4A33-B542-345339B34B72}.Release|Any CPU.Build.0 = Release|Any CPU
	EndGlobalSection
	GlobalSection(SolutionProperties) = preSolution
		HideSolutionNode = FALSE
	EndGlobalSection
	GlobalSection(ExtensibilityGlobals) = postSolution
		SolutionGuid = {B097DE66-932F-4825-BFA9-4FFEA9BA0415}
	EndGlobalSection
EndGlobal
